
Microsoft Visual Studio Solution File, Format Version 12.00
# Visual Studio Version 17
VisualStudioVersion = 17.3.32901.215
MinimumVisualStudioVersion = 10.0.40219.1
Project("{9A19103F-16F7-4668-BE54-9A1E7A4F7556}") = "GPT", "GPT\GPT.csproj", "{FF82C0B0-A2DE-4F62-B6FD-8489B9C59C22}"
EndProject
Project("{9A19103F-16F7-4668-BE54-9A1E7A4F7556}") = "GPT.ApplicationService", "..\..\GPTRepo\GptWebApi\MarcosWebApiProject.ApplicationService\GPT.ApplicationService.csproj", "{6420EB40-4A5F-4855-93DA-7571439897D8}"
EndProject
Project("{9A19103F-16F7-4668-BE54-9A1E7A4F7556}") = "GPT.Infrastructure", "..\..\GPTRepo\GptWebApi\MarcosWebApiProject.Infrastructure\GPT.Infrastructure.csproj", "{7A6C4540-198F-40E4-AE49-73E7629B7BC9}"
EndProject
Project("{9A19103F-16F7-4668-BE54-9A1E7A4F7556}") = "Core.Model", "..\..\GPTRepo\GptWebApi\Core.Model\Core.Model.csproj", "{CC9C59B2-DBE1-48DB-A1D7-8897963E69BB}"
EndProject
Global
	GlobalSection(SolutionConfigurationPlatforms) = preSolution
		Debug|Any CPU = Debug|Any CPU
		Release|Any CPU = Release|Any CPU
	EndGlobalSection
	GlobalSection(ProjectConfigurationPlatforms) = postSolution
		{FF82C0B0-A2DE-4F62-B6FD-8489B9C59C22}.Debug|Any CPU.ActiveCfg = Debug|Any CPU
		{FF82C0B0-A2DE-4F62-B6FD-8489B9C59C22}.Debug|Any CPU.Build.0 = Debug|Any CPU
		{FF82C0B0-A2DE-4F62-B6FD-8489B9C59C22}.Release|Any CPU.ActiveCfg = Release|Any CPU
		{FF82C0B0-A2DE-4F62-B6FD-8489B9C59C22}.Release|Any CPU.Build.0 = Release|Any CPU
		{6420EB40-4A5F-4855-93DA-7571439897D8}.Debug|Any CPU.ActiveCfg = Debug|Any CPU
		{6420EB40-4A5F-4855-93DA-7571439897D8}.Debug|Any CPU.Build.0 = Debug|Any CPU
		{6420EB40-4A5F-4855-93DA-7571439897D8}.Release|Any CPU.ActiveCfg = Release|Any CPU
		{6420EB40-4A5F-4855-93DA-7571439897D8}.Release|Any CPU.Build.0 = Release|Any CPU
		{7A6C4540-198F-40E4-AE49-73E7629B7BC9}.Debug|Any CPU.ActiveCfg = Debug|Any CPU
		{7A6C4540-198F-40E4-AE49-73E7629B7BC9}.Debug|Any CPU.Build.0 = Debug|Any CPU
		{7A6C4540-198F-40E4-AE49-73E7629B7BC9}.Release|Any CPU.ActiveCfg = Release|Any CPU
		{7A6C4540-198F-40E4-AE49-73E7629B7BC9}.Release|Any CPU.Build.0 = Release|Any CPU
		{CC9C59B2-DBE1-48DB-A1D7-8897963E69BB}.Debug|Any CPU.ActiveCfg = Debug|Any CPU
		{CC9C59B2-DBE1-48DB-A1D7-8897963E69BB}.Debug|Any CPU.Build.0 = Debug|Any CPU
		{CC9C59B2-DBE1-48DB-A1D7-8897963E69BB}.Release|Any CPU.ActiveCfg = Release|Any CPU
		{CC9C59B2-DBE1-48DB-A1D7-8897963E69BB}.Release|Any CPU.Build.0 = Release|Any CPU
	EndGlobalSection
	GlobalSection(SolutionProperties) = preSolution
		HideSolutionNode = FALSE
	EndGlobalSection
	GlobalSection(ExtensibilityGlobals) = postSolution
		SolutionGuid = {B6ADE520-FD92-4653-BF2C-511533C21483}
	EndGlobalSection
EndGlobal
